
Microsoft Visual Studio Solution File, Format Version 12.00
# Visual Studio Version 17
VisualStudioVersion = 17.1.32421.90
MinimumVisualStudioVersion = 10.0.40219.1
Project("{FAE04EC0-301F-11D3-BF4B-00C04F79EFBC}") = "TallestBuildingsTests", "TallestBuildingsTests\TallestBuildingsTests.csproj", "{D17398D4-1A64-4D7A-8389-1B8BCC35D46F}"
EndProject
Global
	GlobalSection(SolutionConfigurationPlatforms) = preSolution
		Debug|Any CPU = Debug|Any CPU
		Release|Any CPU = Release|Any CPU
	EndGlobalSection
	GlobalSection(ProjectConfigurationPlatforms) = postSolution
		{D17398D4-1A64-4D7A-8389-1B8BCC35D46F}.Debug|Any CPU.ActiveCfg = Debug|Any CPU
		{D17398D4-1A64-4D7A-8389-1B8BCC35D46F}.Debug|Any CPU.Build.0 = Debug|Any CPU
		{D17398D4-1A64-4D7A-8389-1B8BCC35D46F}.Release|Any CPU.ActiveCfg = Release|Any CPU
		{D17398D4-1A64-4D7A-8389-1B8BCC35D46F}.Release|Any CPU.Build.0 = Release|Any CPU
	EndGlobalSection
	GlobalSection(SolutionProperties) = preSolution
		HideSolutionNode = FALSE
	EndGlobalSection
	GlobalSection(ExtensibilityGlobals) = postSolution
		SolutionGuid = {FEC8F7CB-1FCD-45C5-A4C3-B103382AD127}
	EndGlobalSection
EndGlobal
